
Microsoft Visual Studio Solution File, Format Version 12.00
# Visual Studio 14
VisualStudioVersion = 14.0.23107.0
MinimumVisualStudioVersion = 10.0.40219.1
Project("{FAE04EC0-301F-11D3-BF4B-00C04F79EFBC}") = "JASN.Web", "JASN vNext\JASN.Web.csproj", "{E107BBBD-CAB3-4B09-9A48-8437775786A8}"
EndProject
Project("{2150E333-8FDC-42A3-9474-1A3956D46DE8}") = "Solution Items", "Solution Items", "{44D59C1D-276B-4AD3-BC07-06028730F9EB}"
EndProject
Project("{FAE04EC0-301F-11D3-BF4B-00C04F79EFBC}") = "JASN.IdentityServer", "JASN.IdentityServer\JASN.IdentityServer.csproj", "{6FF07508-76CF-459D-AA97-76B3BAD58D65}"
EndProject
Project("{FAE04EC0-301F-11D3-BF4B-00C04F79EFBC}") = "JASN.Contracts", "JASN.Contracts\JASN.Contracts.csproj", "{9923F334-5FDC-4B12-9809-63152F833F84}"
EndProject
Project("{FAE04EC0-301F-11D3-BF4B-00C04F79EFBC}") = "JASN.Actors", "JASN.Actors\JASN.Actors.csproj", "{4762B93A-8352-4483-9FD9-56AA0B53AC2B}"
EndProject
Project("{FAE04EC0-301F-11D3-BF4B-00C04F79EFBC}") = "JASN.Core", "JASN.Core\JASN.Core.csproj", "{DC39449C-ADD0-495B-A61C-06E37B095126}"
EndProject
Project("{FAE04EC0-301F-11D3-BF4B-00C04F79EFBC}") = "JASN.OrleansUtilities", "JASN.OrleansUtilities\JASN.OrleansUtilities.csproj", "{E284526A-DAA9-4468-AC65-7101C4066369}"
EndProject
Project("{FAE04EC0-301F-11D3-BF4B-00C04F79EFBC}") = "ConsoleApplication1", "ConsoleApplication1\ConsoleApplication1.csproj", "{A45EED92-9A5D-447B-9C40-E48C79BC5921}"
EndProject
Project("{FAE04EC0-301F-11D3-BF4B-00C04F79EFBC}") = "JASN.CommandStack", "JASN.CommandStack\JASN.CommandStack.csproj", "{9295B477-E685-4A93-871F-29F1F9B887F1}"
EndProject
Global
	GlobalSection(SolutionConfigurationPlatforms) = preSolution
		Debug|Any CPU = Debug|Any CPU
		Release|Any CPU = Release|Any CPU
	EndGlobalSection
	GlobalSection(ProjectConfigurationPlatforms) = postSolution
		{E107BBBD-CAB3-4B09-9A48-8437775786A8}.Debug|Any CPU.ActiveCfg = Debug|Any CPU
		{E107BBBD-CAB3-4B09-9A48-8437775786A8}.Debug|Any CPU.Build.0 = Debug|Any CPU
		{E107BBBD-CAB3-4B09-9A48-8437775786A8}.Release|Any CPU.ActiveCfg = Release|Any CPU
		{E107BBBD-CAB3-4B09-9A48-8437775786A8}.Release|Any CPU.Build.0 = Release|Any CPU
		{6FF07508-76CF-459D-AA97-76B3BAD58D65}.Debug|Any CPU.ActiveCfg = Debug|Any CPU
		{6FF07508-76CF-459D-AA97-76B3BAD58D65}.Debug|Any CPU.Build.0 = Debug|Any CPU
		{6FF07508-76CF-459D-AA97-76B3BAD58D65}.Release|Any CPU.ActiveCfg = Release|Any CPU
		{6FF07508-76CF-459D-AA97-76B3BAD58D65}.Release|Any CPU.Build.0 = Release|Any CPU
		{9923F334-5FDC-4B12-9809-63152F833F84}.Debug|Any CPU.ActiveCfg = Debug|Any CPU
		{9923F334-5FDC-4B12-9809-63152F833F84}.Debug|Any CPU.Build.0 = Debug|Any CPU
		{9923F334-5FDC-4B12-9809-63152F833F84}.Release|Any CPU.ActiveCfg = Release|Any CPU
		{9923F334-5FDC-4B12-9809-63152F833F84}.Release|Any CPU.Build.0 = Release|Any CPU
		{4762B93A-8352-4483-9FD9-56AA0B53AC2B}.Debug|Any CPU.ActiveCfg = Debug|Any CPU
		{4762B93A-8352-4483-9FD9-56AA0B53AC2B}.Debug|Any CPU.Build.0 = Debug|Any CPU
		{4762B93A-8352-4483-9FD9-56AA0B53AC2B}.Release|Any CPU.ActiveCfg = Release|Any CPU
		{4762B93A-8352-4483-9FD9-56AA0B53AC2B}.Release|Any CPU.Build.0 = Release|Any CPU
		{DC39449C-ADD0-495B-A61C-06E37B095126}.Debug|Any CPU.ActiveCfg = Debug|Any CPU
		{DC39449C-ADD0-495B-A61C-06E37B095126}.Debug|Any CPU.Build.0 = Debug|Any CPU
		{DC39449C-ADD0-495B-A61C-06E37B095126}.Release|Any CPU.ActiveCfg = Release|Any CPU
		{DC39449C-ADD0-495B-A61C-06E37B095126}.Release|Any CPU.Build.0 = Release|Any CPU
		{E284526A-DAA9-4468-AC65-7101C4066369}.Debug|Any CPU.ActiveCfg = Debug|Any CPU
		{E284526A-DAA9-4468-AC65-7101C4066369}.Debug|Any CPU.Build.0 = Debug|Any CPU
		{E284526A-DAA9-4468-AC65-7101C4066369}.Release|Any CPU.ActiveCfg = Release|Any CPU
		{E284526A-DAA9-4468-AC65-7101C4066369}.Release|Any CPU.Build.0 = Release|Any CPU
		{A45EED92-9A5D-447B-9C40-E48C79BC5921}.Debug|Any CPU.ActiveCfg = Debug|Any CPU
		{A45EED92-9A5D-447B-9C40-E48C79BC5921}.Debug|Any CPU.Build.0 = Debug|Any CPU
		{A45EED92-9A5D-447B-9C40-E48C79BC5921}.Release|Any CPU.ActiveCfg = Release|Any CPU
		{A45EED92-9A5D-447B-9C40-E48C79BC5921}.Release|Any CPU.Build.0 = Release|Any CPU
		{9295B477-E685-4A93-871F-29F1F9B887F1}.Debug|Any CPU.ActiveCfg = Debug|Any CPU
		{9295B477-E685-4A93-871F-29F1F9B887F1}.Debug|Any CPU.Build.0 = Debug|Any CPU
		{9295B477-E685-4A93-871F-29F1F9B887F1}.Release|Any CPU.ActiveCfg = Release|Any CPU
		{9295B477-E685-4A93-871F-29F1F9B887F1}.Release|Any CPU.Build.0 = Release|Any CPU
	EndGlobalSection
	GlobalSection(SolutionProperties) = preSolution
		HideSolutionNode = FALSE
	EndGlobalSection
EndGlobal
